
Microsoft Visual Studio Solution File, Format Version 12.00
# Visual Studio Version 17
VisualStudioVersion = 17.5.33502.453
MinimumVisualStudioVersion = 10.0.40219.1
Project("{2150E333-8FDC-42A3-9474-1A3956D46DE8}") = "Internal", "Internal", "{D2D39FC9-C1CC-4A99-BFF1-5EEBC21158EE}"
	ProjectSection(SolutionItems) = preProject
		Internal\.editorconfig = Internal\.editorconfig
	EndProjectSection
EndProject
Project("{2150E333-8FDC-42A3-9474-1A3956D46DE8}") = "Scripts", "Scripts", "{E86D643B-5BB2-437F-A9A1-F6194D03E3EC}"
EndProject
Project("{2150E333-8FDC-42A3-9474-1A3956D46DE8}") = "Dlls", "Dlls", "{20B4E48A-DD92-4B28-8CE1-1BC4ADFC8C11}"
	ProjectSection(SolutionItems) = preProject
		Dlls\ABOUT.md = Dlls\ABOUT.md
	EndProjectSection
EndProject
Project("{2150E333-8FDC-42A3-9474-1A3956D46DE8}") = "CompanionFiles", "CompanionFiles", "{802EEFAE-2456-4443-A3EB-BD09783CA83F}"
EndProject
Project("{2150E333-8FDC-42A3-9474-1A3956D46DE8}") = "Skyline DataMiner", "Skyline DataMiner", "{905B19D0-53D3-419D-93AF-D832FA933DA6}"
	ProjectSection(SolutionItems) = preProject
		CompanionFiles\Skyline DataMiner\AboutThisFolder.md = CompanionFiles\Skyline DataMiner\AboutThisFolder.md
	EndProjectSection
EndProject
Project("{2150E333-8FDC-42A3-9474-1A3956D46DE8}") = "Documentation", "Documentation", "{A32CE699-867F-46E0-9C4B-4CE5178CBE01}"
	ProjectSection(SolutionItems) = preProject
		Documentation\ABOUT.md = Documentation\ABOUT.md
		README.md = README.md
	EndProjectSection
EndProject
Project("{2150E333-8FDC-42A3-9474-1A3956D46DE8}") = "Tests", "Tests", "{F8938D60-51A0-4880-9CFC-19C66379BB5D}"
EndProject
Project("{2150E333-8FDC-42A3-9474-1A3956D46DE8}") = "Code Analysis", "Code Analysis", "{2F65DE80-4923-4C17-8726-9E85B1BF587C}"
	ProjectSection(SolutionItems) = preProject
		Internal\Code Analysis\qaction-debug.ruleset = Internal\Code Analysis\qaction-debug.ruleset
		Internal\Code Analysis\qaction-release.ruleset = Internal\Code Analysis\qaction-release.ruleset
		Internal\Code Analysis\stylecop.json = Internal\Code Analysis\stylecop.json
	EndProjectSection
EndProject
Project("{2150E333-8FDC-42A3-9474-1A3956D46DE8}") = "EmpowerGeo", "EmpowerGeo", "{7CCE5E70-D515-417E-9928-02276A1A15B2}"
	ProjectSection(SolutionItems) = preProject
		EmpowerGeo.xml = EmpowerGeo.xml
	EndProjectSection
EndProject
Project("{2150E333-8FDC-42A3-9474-1A3956D46DE8}") = "Actions", "Actions", "{0385B73E-AB70-4EEA-9426-9D48D9D1F6B3}"
EndProject
Project("{9A19103F-16F7-4668-BE54-9A1E7A4F7556}") = "EmpowerGeo_1", "EmpowerGeo_1\EmpowerGeo_1.csproj", "{8E20888D-CEA9-4F6C-90D7-23A9DB87E79A}"
EndProject
Global
	GlobalSection(SolutionConfigurationPlatforms) = preSolution
		Debug|Any CPU = Debug|Any CPU
		Release|Any CPU = Release|Any CPU
	EndGlobalSection
	GlobalSection(ProjectConfigurationPlatforms) = postSolution
		{8E20888D-CEA9-4F6C-90D7-23A9DB87E79A}.Debug|Any CPU.ActiveCfg = Debug|Any CPU
		{8E20888D-CEA9-4F6C-90D7-23A9DB87E79A}.Debug|Any CPU.Build.0 = Debug|Any CPU
		{8E20888D-CEA9-4F6C-90D7-23A9DB87E79A}.Release|Any CPU.ActiveCfg = Release|Any CPU
		{8E20888D-CEA9-4F6C-90D7-23A9DB87E79A}.Release|Any CPU.Build.0 = Release|Any CPU
	EndGlobalSection
	GlobalSection(SolutionProperties) = preSolution
		HideSolutionNode = FALSE
	EndGlobalSection
	GlobalSection(NestedProjects) = preSolution
		{905B19D0-53D3-419D-93AF-D832FA933DA6} = {802EEFAE-2456-4443-A3EB-BD09783CA83F}
		{2F65DE80-4923-4C17-8726-9E85B1BF587C} = {D2D39FC9-C1CC-4A99-BFF1-5EEBC21158EE}
		{7CCE5E70-D515-417E-9928-02276A1A15B2} = {E86D643B-5BB2-437F-A9A1-F6194D03E3EC}
		{0385B73E-AB70-4EEA-9426-9D48D9D1F6B3} = {7CCE5E70-D515-417E-9928-02276A1A15B2}
		{8E20888D-CEA9-4F6C-90D7-23A9DB87E79A} = {0385B73E-AB70-4EEA-9426-9D48D9D1F6B3}
	EndGlobalSection
	GlobalSection(ExtensibilityGlobals) = postSolution
		SolutionGuid = {AFC56045-08ED-4E65-A9EA-CF9274CCA461}
	EndGlobalSection
EndGlobal
